
Microsoft Visual Studio Solution File, Format Version 12.00
# Visual Studio Version 16
VisualStudioVersion = 16.0.29424.173
MinimumVisualStudioVersion = 10.0.40219.1
Project("{FAE04EC0-301F-11D3-BF4B-00C04F79EFBC}") = "mStillWorkin", "mStillWorkin\mStillWorkin.csproj", "{193F951F-D66B-4A0B-965C-FA783628AFEB}"
EndProject
Global
	GlobalSection(SolutionConfigurationPlatforms) = preSolution
		Debug|Any CPU = Debug|Any CPU
		Release|Any CPU = Release|Any CPU
	EndGlobalSection
	GlobalSection(ProjectConfigurationPlatforms) = postSolution
		{193F951F-D66B-4A0B-965C-FA783628AFEB}.Debug|Any CPU.ActiveCfg = Debug|Any CPU
		{193F951F-D66B-4A0B-965C-FA783628AFEB}.Debug|Any CPU.Build.0 = Debug|Any CPU
		{193F951F-D66B-4A0B-965C-FA783628AFEB}.Release|Any CPU.ActiveCfg = Release|Any CPU
		{193F951F-D66B-4A0B-965C-FA783628AFEB}.Release|Any CPU.Build.0 = Release|Any CPU
	EndGlobalSection
	GlobalSection(SolutionProperties) = preSolution
		HideSolutionNode = FALSE
	EndGlobalSection
	GlobalSection(ExtensibilityGlobals) = postSolution
		SolutionGuid = {8FD745DD-2CDE-46EB-AF3D-1F6F7E38B483}
	EndGlobalSection
	GlobalSection(TeamFoundationVersionControl) = preSolution
		SccNumberOfProjects = 2
		SccEnterpriseProvider = {4CA58AB2-18FA-4F8D-95D4-32DDF27D184C}
		SccTeamFoundationServer = https://melihsafran.visualstudio.com/
		SccLocalPath0 = .
		SccProjectUniqueName1 = mStillWorkin\\mStillWorkin.csproj
		SccProjectName1 = mStillWorkin
		SccLocalPath1 = mStillWorkin
	EndGlobalSection
EndGlobal
